// !$*UTF8*$!
{
	archiveVersion = 1;
	classes = {
	};
	objectVersion = 77;
	objects = {

/* Begin PBXBuildFile section */
		F717B7602D01468100C4199F /* Preview Assets.xcassets in Resources */ = {isa = PBXBuildFile; fileRef = F717B7502D01468100C4199F /* Preview Assets.xcassets */; };
		F717B7612D01468100C4199F /* Assets.xcassets in Resources */ = {isa = PBXBuildFile; fileRef = F717B7522D01468100C4199F /* Assets.xcassets */; };
		F717B7622D01468100C4199F /* ExploreView.swift in Sources */ = {isa = PBXBuildFile; fileRef = F717B7532D01468100C4199F /* ExploreView.swift */; };
		F717B7632D01468100C4199F /* Film.swift in Sources */ = {isa = PBXBuildFile; fileRef = F717B7542D01468100C4199F /* Film.swift */; };
		F717B7642D01468100C4199F /* FilmDetailView.swift in Sources */ = {isa = PBXBuildFile; fileRef = F717B7552D01468100C4199F /* FilmDetailView.swift */; };
		F717B7652D01468100C4199F /* FilmsListView.swift in Sources */ = {isa = PBXBuildFile; fileRef = F717B7562D01468100C4199F /* FilmsListView.swift */; };
		F717B7662D01468100C4199F /* FilmsViewModel.swift in Sources */ = {isa = PBXBuildFile; fileRef = F717B7572D01468100C4199F /* FilmsViewModel.swift */; };
		F717B7672D01468100C4199F /* FilmTrackApp.swift in Sources */ = {isa = PBXBuildFile; fileRef = F717B7582D01468100C4199F /* FilmTrackApp.swift */; };
		F717B7682D01468100C4199F /* LoginView.swift in Sources */ = {isa = PBXBuildFile; fileRef = F717B7592D01468100C4199F /* LoginView.swift */; };
		F717B7692D01468100C4199F /* MyList.swift in Sources */ = {isa = PBXBuildFile; fileRef = F717B75A2D01468100C4199F /* MyList.swift */; };
		F717B76A2D01468100C4199F /* MyListDetailView.swift in Sources */ = {isa = PBXBuildFile; fileRef = F717B75B2D01468100C4199F /* MyListDetailView.swift */; };
		F717B76B2D01468100C4199F /* MyListView.swift in Sources */ = {isa = PBXBuildFile; fileRef = F717B75C2D01468100C4199F /* MyListView.swift */; };
		F717B76C2D01468100C4199F /* TopRatedFilm.swift in Sources */ = {isa = PBXBuildFile; fileRef = F717B75D2D01468100C4199F /* TopRatedFilm.swift */; };
		F717B76D2D01468100C4199F /* TopRatedFilms.swift in Sources */ = {isa = PBXBuildFile; fileRef = F717B75E2D01468100C4199F /* TopRatedFilms.swift */; };
		F717B7702D01470800C4199F /* FirebaseAuth in Frameworks */ = {isa = PBXBuildFile; productRef = F717B76F2D01470800C4199F /* FirebaseAuth */; };
		F717B7742D01477700C4199F /* GoogleService-Info.plist in Resources */ = {isa = PBXBuildFile; fileRef = F717B7732D01477700C4199F /* GoogleService-Info.plist */; };
/* End PBXBuildFile section */

/* Begin PBXFileReference section */
		F717B7502D01468100C4199F /* Preview Assets.xcassets */ = {isa = PBXFileReference; lastKnownFileType = folder.assetcatalog; path = "Preview Assets.xcassets"; sourceTree = "<group>"; };
		F717B7522D01468100C4199F /* Assets.xcassets */ = {isa = PBXFileReference; lastKnownFileType = folder.assetcatalog; path = Assets.xcassets; sourceTree = "<group>"; };
		F717B7532D01468100C4199F /* ExploreView.swift */ = {isa = PBXFileReference; lastKnownFileType = sourcecode.swift; path = ExploreView.swift; sourceTree = "<group>"; };
		F717B7542D01468100C4199F /* Film.swift */ = {isa = PBXFileReference; lastKnownFileType = sourcecode.swift; path = Film.swift; sourceTree = "<group>"; };
		F717B7552D01468100C4199F /* FilmDetailView.swift */ = {isa = PBXFileReference; lastKnownFileType = sourcecode.swift; path = FilmDetailView.swift; sourceTree = "<group>"; };
		F717B7562D01468100C4199F /* FilmsListView.swift */ = {isa = PBXFileReference; lastKnownFileType = sourcecode.swift; path = FilmsListView.swift; sourceTree = "<group>"; };
		F717B7572D01468100C4199F /* FilmsViewModel.swift */ = {isa = PBXFileReference; lastKnownFileType = sourcecode.swift; path = FilmsViewModel.swift; sourceTree = "<group>"; };
		F717B7582D01468100C4199F /* FilmTrackApp.swift */ = {isa = PBXFileReference; lastKnownFileType = sourcecode.swift; path = FilmTrackApp.swift; sourceTree = "<group>"; };
		F717B7592D01468100C4199F /* LoginView.swift */ = {isa = PBXFileReference; lastKnownFileType = sourcecode.swift; path = LoginView.swift; sourceTree = "<group>"; };
		F717B75A2D01468100C4199F /* MyList.swift */ = {isa = PBXFileReference; lastKnownFileType = sourcecode.swift; path = MyList.swift; sourceTree = "<group>"; };
		F717B75B2D01468100C4199F /* MyListDetailView.swift */ = {isa = PBXFileReference; lastKnownFileType = sourcecode.swift; path = MyListDetailView.swift; sourceTree = "<group>"; };
		F717B75C2D01468100C4199F /* MyListView.swift */ = {isa = PBXFileReference; lastKnownFileType = sourcecode.swift; path = MyListView.swift; sourceTree = "<group>"; };
		F717B75D2D01468100C4199F /* TopRatedFilm.swift */ = {isa = PBXFileReference; lastKnownFileType = sourcecode.swift; path = TopRatedFilm.swift; sourceTree = "<group>"; };
		F717B75E2D01468100C4199F /* TopRatedFilms.swift */ = {isa = PBXFileReference; lastKnownFileType = sourcecode.swift; path = TopRatedFilms.swift; sourceTree = "<group>"; };
		F717B7732D01477700C4199F /* GoogleService-Info.plist */ = {isa = PBXFileReference; lastKnownFileType = text.plist.xml; path = "GoogleService-Info.plist"; sourceTree = "<group>"; };
		F745A9D72CF8384C0098AC6A /* FilmTrack.app */ = {isa = PBXFileReference; explicitFileType = wrapper.application; includeInIndex = 0; path = FilmTrack.app; sourceTree = BUILT_PRODUCTS_DIR; };
		F7C457622D0153240008FE0F /* Info.plist */ = {isa = PBXFileReference; lastKnownFileType = text.plist; path = Info.plist; sourceTree = "<group>"; };
/* End PBXFileReference section */

/* Begin PBXFrameworksBuildPhase section */
		F745A9D42CF8384C0098AC6A /* Frameworks */ = {
			isa = PBXFrameworksBuildPhase;
			buildActionMask = 2147483647;
			files = (
				F717B7702D01470800C4199F /* FirebaseAuth in Frameworks */,
			);
			runOnlyForDeploymentPostprocessing = 0;
		};
/* End PBXFrameworksBuildPhase section */

/* Begin PBXGroup section */
		F717B7512D01468100C4199F /* Preview Content */ = {
			isa = PBXGroup;
			children = (
				F717B7502D01468100C4199F /* Preview Assets.xcassets */,
			);
			path = "Preview Content";
			sourceTree = "<group>";
		};
		F717B75F2D01468100C4199F /* FilmTrack */ = {
			isa = PBXGroup;
			children = (
				F7C457622D0153240008FE0F /* Info.plist */,
				F717B7512D01468100C4199F /* Preview Content */,
				F717B7522D01468100C4199F /* Assets.xcassets */,
				F717B7582D01468100C4199F /* FilmTrackApp.swift */,
				F717B7592D01468100C4199F /* LoginView.swift */,
				F717B7562D01468100C4199F /* FilmsListView.swift */,
				F717B7552D01468100C4199F /* FilmDetailView.swift */,
				F717B7572D01468100C4199F /* FilmsViewModel.swift */,
				F717B7542D01468100C4199F /* Film.swift */,
				F717B7532D01468100C4199F /* ExploreView.swift */,
				F717B75E2D01468100C4199F /* TopRatedFilms.swift */,
				F717B75D2D01468100C4199F /* TopRatedFilm.swift */,
				F717B75C2D01468100C4199F /* MyListView.swift */,
				F717B75B2D01468100C4199F /* MyListDetailView.swift */,
				F717B75A2D01468100C4199F /* MyList.swift */,
				F717B7732D01477700C4199F /* GoogleService-Info.plist */,
			);
			path = FilmTrack;
			sourceTree = "<group>";
		};
		F745A9CE2CF8384C0098AC6A = {
			isa = PBXGroup;
			children = (
				F717B75F2D01468100C4199F /* FilmTrack */,
				F745A9D82CF8384C0098AC6A /* Products */,
			);
			sourceTree = "<group>";
		};
		F745A9D82CF8384C0098AC6A /* Products */ = {
			isa = PBXGroup;
			children = (
				F745A9D72CF8384C0098AC6A /* FilmTrack.app */,
			);
			name = Products;
			sourceTree = "<group>";
		};
/* End PBXGroup section */

/* Begin PBXNativeTarget section */
		F745A9D62CF8384C0098AC6A /* FilmTrack */ = {
			isa = PBXNativeTarget;
			buildConfigurationList = F745A9E52CF8384E0098AC6A /* Build configuration list for PBXNativeTarget "FilmTrack" */;
			buildPhases = (
				F745A9D32CF8384C0098AC6A /* Sources */,
				F745A9D42CF8384C0098AC6A /* Frameworks */,
				F745A9D52CF8384C0098AC6A /* Resources */,
			);
			buildRules = (
			);
			dependencies = (
			);
			name = FilmTrack;
			packageProductDependencies = (
				F717B76F2D01470800C4199F /* FirebaseAuth */,
			);
			productName = FilmTrack;
			productReference = F745A9D72CF8384C0098AC6A /* FilmTrack.app */;
			productType = "com.apple.product-type.application";
		};
/* End PBXNativeTarget section */

/* Begin PBXProject section */
		F745A9CF2CF8384C0098AC6A /* Project object */ = {
			isa = PBXProject;
			attributes = {
				BuildIndependentTargetsInParallel = 1;
				LastSwiftUpdateCheck = 1600;
				LastUpgradeCheck = 1600;
				TargetAttributes = {
					F745A9D62CF8384C0098AC6A = {
						CreatedOnToolsVersion = 16.0;
					};
				};
			};
			buildConfigurationList = F745A9D22CF8384C0098AC6A /* Build configuration list for PBXProject "FilmTrack" */;
			developmentRegion = en;
			hasScannedForEncodings = 0;
			knownRegions = (
				en,
				Base,
			);
			mainGroup = F745A9CE2CF8384C0098AC6A;
			minimizedProjectReferenceProxies = 1;
			packageReferences = (
				F717B76E2D01470800C4199F /* XCRemoteSwiftPackageReference "firebase-ios-sdk" */,
			);
			preferredProjectObjectVersion = 77;
			productRefGroup = F745A9D82CF8384C0098AC6A /* Products */;
			projectDirPath = "";
			projectRoot = "";
			targets = (
				F745A9D62CF8384C0098AC6A /* FilmTrack */,
			);
		};
/* End PBXProject section */

/* Begin PBXResourcesBuildPhase section */
		F745A9D52CF8384C0098AC6A /* Resources */ = {
			isa = PBXResourcesBuildPhase;
			buildActionMask = 2147483647;
			files = (
				F717B7602D01468100C4199F /* Preview Assets.xcassets in Resources */,
				F717B7612D01468100C4199F /* Assets.xcassets in Resources */,
				F717B7742D01477700C4199F /* GoogleService-Info.plist in Resources */,
			);
			runOnlyForDeploymentPostprocessing = 0;
		};
/* End PBXResourcesBuildPhase section */

/* Begin PBXSourcesBuildPhase section */
		F745A9D32CF8384C0098AC6A /* Sources */ = {
			isa = PBXSourcesBuildPhase;
			buildActionMask = 2147483647;
			files = (
				F717B7622D01468100C4199F /* ExploreView.swift in Sources */,
				F717B7632D01468100C4199F /* Film.swift in Sources */,
				F717B7642D01468100C4199F /* FilmDetailView.swift in Sources */,
				F717B7652D01468100C4199F /* FilmsListView.swift in Sources */,
				F717B7662D01468100C4199F /* FilmsViewModel.swift in Sources */,
				F717B7672D01468100C4199F /* FilmTrackApp.swift in Sources */,
				F717B7682D01468100C4199F /* LoginView.swift in Sources */,
				F717B7692D01468100C4199F /* MyList.swift in Sources */,
				F717B76A2D01468100C4199F /* MyListDetailView.swift in Sources */,
				F717B76B2D01468100C4199F /* MyListView.swift in Sources */,
				F717B76C2D01468100C4199F /* TopRatedFilm.swift in Sources */,
				F717B76D2D01468100C4199F /* TopRatedFilms.swift in Sources */,
			);
			runOnlyForDeploymentPostprocessing = 0;
		};
/* End PBXSourcesBuildPhase section */

/* Begin XCBuildConfiguration section */
		F745A9E32CF8384E0098AC6A /* Debug */ = {
			isa = XCBuildConfiguration;
			buildSettings = {
				ALWAYS_SEARCH_USER_PATHS = NO;
				ASSETCATALOG_COMPILER_GENERATE_SWIFT_ASSET_SYMBOL_EXTENSIONS = YES;
				CLANG_ANALYZER_NONNULL = YES;
				CLANG_ANALYZER_NUMBER_OBJECT_CONVERSION = YES_AGGRESSIVE;
				CLANG_CXX_LANGUAGE_STANDARD = "gnu++20";
				CLANG_ENABLE_MODULES = YES;
				CLANG_ENABLE_OBJC_ARC = YES;
				CLANG_ENABLE_OBJC_WEAK = YES;
				CLANG_WARN_BLOCK_CAPTURE_AUTORELEASING = YES;
				CLANG_WARN_BOOL_CONVERSION = YES;
				CLANG_WARN_COMMA = YES;
				CLANG_WARN_CONSTANT_CONVERSION = YES;
				CLANG_WARN_DEPRECATED_OBJC_IMPLEMENTATIONS = YES;
				CLANG_WARN_DIRECT_OBJC_ISA_USAGE = YES_ERROR;
				CLANG_WARN_DOCUMENTATION_COMMENTS = YES;
				CLANG_WARN_EMPTY_BODY = YES;
				CLANG_WARN_ENUM_CONVERSION = YES;
				CLANG_WARN_INFINITE_RECURSION = YES;
				CLANG_WARN_INT_CONVERSION = YES;
				CLANG_WARN_NON_LITERAL_NULL_CONVERSION = YES;
				CLANG_WARN_OBJC_IMPLICIT_RETAIN_SELF = YES;
				CLANG_WARN_OBJC_LITERAL_CONVERSION = YES;
				CLANG_WARN_OBJC_ROOT_CLASS = YES_ERROR;
				CLANG_WARN_QUOTED_INCLUDE_IN_FRAMEWORK_HEADER = YES;
				CLANG_WARN_RANGE_LOOP_ANALYSIS = YES;
				CLANG_WARN_STRICT_PROTOTYPES = YES;
				CLANG_WARN_SUSPICIOUS_MOVE = YES;
				CLANG_WARN_UNGUARDED_AVAILABILITY = YES_AGGRESSIVE;
				CLANG_WARN_UNREACHABLE_CODE = YES;
				CLANG_WARN__DUPLICATE_METHOD_MATCH = YES;
				COPY_PHASE_STRIP = NO;
				DEBUG_INFORMATION_FORMAT = dwarf;
				ENABLE_STRICT_OBJC_MSGSEND = YES;
				ENABLE_TESTABILITY = YES;
				ENABLE_USER_SCRIPT_SANDBOXING = YES;
				GCC_C_LANGUAGE_STANDARD = gnu17;
				GCC_DYNAMIC_NO_PIC = NO;
				GCC_NO_COMMON_BLOCKS = YES;
				GCC_OPTIMIZATION_LEVEL = 0;
				GCC_PREPROCESSOR_DEFINITIONS = (
					"DEBUG=1",
					"$(inherited)",
				);
				GCC_WARN_64_TO_32_BIT_CONVERSION = YES;
				GCC_WARN_ABOUT_RETURN_TYPE = YES_ERROR;
				GCC_WARN_UNDECLARED_SELECTOR = YES;
				GCC_WARN_UNINITIALIZED_AUTOS = YES_AGGRESSIVE;
				GCC_WARN_UNUSED_FUNCTION = YES;
				GCC_WARN_UNUSED_VARIABLE = YES;
				IPHONEOS_DEPLOYMENT_TARGET = 18.0;
				LOCALIZATION_PREFERS_STRING_CATALOGS = YES;
				MTL_ENABLE_DEBUG_INFO = INCLUDE_SOURCE;
				MTL_FAST_MATH = YES;
				ONLY_ACTIVE_ARCH = YES;
				SDKROOT = iphoneos;
				SWIFT_ACTIVE_COMPILATION_CONDITIONS = "DEBUG $(inherited)";
				SWIFT_OPTIMIZATION_LEVEL = "-Onone";
			};
			name = Debug;
		};
		F745A9E42CF8384E0098AC6A /* Release */ = {
			isa = XCBuildConfiguration;
			buildSettings = {
				ALWAYS_SEARCH_USER_PATHS = NO;
				ASSETCATALOG_COMPILER_GENERATE_SWIFT_ASSET_SYMBOL_EXTENSIONS = YES;
				CLANG_ANALYZER_NONNULL = YES;
				CLANG_ANALYZER_NUMBER_OBJECT_CONVERSION = YES_AGGRESSIVE;
				CLANG_CXX_LANGUAGE_STANDARD = "gnu++20";
				CLANG_ENABLE_MODULES = YES;
				CLANG_ENABLE_OBJC_ARC = YES;
				CLANG_ENABLE_OBJC_WEAK = YES;
				CLANG_WARN_BLOCK_CAPTURE_AUTORELEASING = YES;
				CLANG_WARN_BOOL_CONVERSION = YES;
				CLANG_WARN_COMMA = YES;
				CLANG_WARN_CONSTANT_CONVERSION = YES;
				CLANG_WARN_DEPRECATED_OBJC_IMPLEMENTATIONS = YES;
				CLANG_WARN_DIRECT_OBJC_ISA_USAGE = YES_ERROR;
				CLANG_WARN_DOCUMENTATION_COMMENTS = YES;
				CLANG_WARN_EMPTY_BODY = YES;
				CLANG_WARN_ENUM_CONVERSION = YES;
				CLANG_WARN_INFINITE_RECURSION = YES;
				CLANG_WARN_INT_CONVERSION = YES;
				CLANG_WARN_NON_LITERAL_NULL_CONVERSION = YES;
				CLANG_WARN_OBJC_IMPLICIT_RETAIN_SELF = YES;
				CLANG_WARN_OBJC_LITERAL_CONVERSION = YES;
				CLANG_WARN_OBJC_ROOT_CLASS = YES_ERROR;
				CLANG_WARN_QUOTED_INCLUDE_IN_FRAMEWORK_HEADER = YES;
				CLANG_WARN_RANGE_LOOP_ANALYSIS = YES;
				CLANG_WARN_STRICT_PROTOTYPES = YES;
				CLANG_WARN_SUSPICIOUS_MOVE = YES;
				CLANG_WARN_UNGUARDED_AVAILABILITY = YES_AGGRESSIVE;
				CLANG_WARN_UNREACHABLE_CODE = YES;
				CLANG_WARN__DUPLICATE_METHOD_MATCH = YES;
				COPY_PHASE_STRIP = NO;
				DEBUG_INFORMATION_FORMAT = "dwarf-with-dsym";
				ENABLE_NS_ASSERTIONS = NO;
				ENABLE_STRICT_OBJC_MSGSEND = YES;
				ENABLE_USER_SCRIPT_SANDBOXING = YES;
				GCC_C_LANGUAGE_STANDARD = gnu17;
				GCC_NO_COMMON_BLOCKS = YES;
				GCC_WARN_64_TO_32_BIT_CONVERSION = YES;
				GCC_WARN_ABOUT_RETURN_TYPE = YES_ERROR;
				GCC_WARN_UNDECLARED_SELECTOR = YES;
				GCC_WARN_UNINITIALIZED_AUTOS = YES_AGGRESSIVE;
				GCC_WARN_UNUSED_FUNCTION = YES;
				GCC_WARN_UNUSED_VARIABLE = YES;
				IPHONEOS_DEPLOYMENT_TARGET = 18.0;
				LOCALIZATION_PREFERS_STRING_CATALOGS = YES;
				MTL_ENABLE_DEBUG_INFO = NO;
				MTL_FAST_MATH = YES;
				SDKROOT = iphoneos;
				SWIFT_COMPILATION_MODE = wholemodule;
				VALIDATE_PRODUCT = YES;
			};
			name = Release;
		};
		F745A9E62CF8384E0098AC6A /* Debug */ = {
			isa = XCBuildConfiguration;
			buildSettings = {
				ASSETCATALOG_COMPILER_APPICON_NAME = AppIcon;
				ASSETCATALOG_COMPILER_GLOBAL_ACCENT_COLOR_NAME = AccentColor;
				CODE_SIGN_STYLE = Automatic;
				CURRENT_PROJECT_VERSION = 1;
				DEVELOPMENT_ASSET_PATHS = "\"FilmTrack/Preview Content\"";
				DEVELOPMENT_TEAM = Q8M7NH7D5X;
				ENABLE_PREVIEWS = YES;
				GENERATE_INFOPLIST_FILE = YES;
				INFOPLIST_FILE = FilmTrack/Info.plist;
				INFOPLIST_KEY_UIApplicationSceneManifest_Generation = YES;
				INFOPLIST_KEY_UIApplicationSupportsIndirectInputEvents = YES;
				INFOPLIST_KEY_UISupportedInterfaceOrientations_iPad = "UIInterfaceOrientationPortrait UIInterfaceOrientationPortraitUpsideDown UIInterfaceOrientationLandscapeLeft UIInterfaceOrientationLandscapeRight";
				INFOPLIST_KEY_UISupportedInterfaceOrientations_iPhone = "UIInterfaceOrientationPortrait UIInterfaceOrientationLandscapeLeft UIInterfaceOrientationLandscapeRight";
				IPHONEOS_DEPLOYMENT_TARGET = 17.6;
				LD_RUNPATH_SEARCH_PATHS = (
					"$(inherited)",
					"@executable_path/Frameworks",
				);
				MARKETING_VERSION = 1.0;
				PRODUCT_BUNDLE_IDENTIFIER = com.landolfi.FilmTrack;
				PRODUCT_NAME = "$(TARGET_NAME)";
				SWIFT_EMIT_LOC_STRINGS = YES;
				SWIFT_VERSION = 5.0;
				TARGETED_DEVICE_FAMILY = "1,2";
			};
			name = Debug;
		};
		F745A9E72CF8384E0098AC6A /* Release */ = {
			isa = XCBuildConfiguration;
			buildSettings = {
				ASSETCATALOG_COMPILER_APPICON_NAME = AppIcon;
				ASSETCATALOG_COMPILER_GLOBAL_ACCENT_COLOR_NAME = AccentColor;
				CODE_SIGN_STYLE = Automatic;
				CURRENT_PROJECT_VERSION = 1;
				DEVELOPMENT_ASSET_PATHS = "\"FilmTrack/Preview Content\"";
				DEVELOPMENT_TEAM = Q8M7NH7D5X;
				ENABLE_PREVIEWS = YES;
				GENERATE_INFOPLIST_FILE = YES;
				INFOPLIST_FILE = FilmTrack/Info.plist;
				INFOPLIST_KEY_UIApplicationSceneManifest_Generation = YES;
				INFOPLIST_KEY_UIApplicationSupportsIndirectInputEvents = YES;
				INFOPLIST_KEY_UISupportedInterfaceOrientations_iPad = "UIInterfaceOrientationPortrait UIInterfaceOrientationPortraitUpsideDown UIInterfaceOrientationLandscapeLeft UIInterfaceOrientationLandscapeRight";
				INFOPLIST_KEY_UISupportedInterfaceOrientations_iPhone = "UIInterfaceOrientationPortrait UIInterfaceOrientationLandscapeLeft UIInterfaceOrientationLandscapeRight";
				IPHONEOS_DEPLOYMENT_TARGET = 17.6;
				LD_RUNPATH_SEARCH_PATHS = (
					"$(inherited)",
					"@executable_path/Frameworks",
				);
				MARKETING_VERSION = 1.0;
				PRODUCT_BUNDLE_IDENTIFIER = com.landolfi.FilmTrack;
				PRODUCT_NAME = "$(TARGET_NAME)";
				SWIFT_EMIT_LOC_STRINGS = YES;
				SWIFT_VERSION = 5.0;
				TARGETED_DEVICE_FAMILY = "1,2";
			};
			name = Release;
		};
/* End XCBuildConfiguration section */

/* Begin XCConfigurationList section */
		F745A9D22CF8384C0098AC6A /* Build configuration list for PBXProject "FilmTrack" */ = {
			isa = XCConfigurationList;
			buildConfigurations = (
				F745A9E32CF8384E0098AC6A /* Debug */,
				F745A9E42CF8384E0098AC6A /* Release */,
			);
			defaultConfigurationIsVisible = 0;
			defaultConfigurationName = Release;
		};
		F745A9E52CF8384E0098AC6A /* Build configuration list for PBXNativeTarget "FilmTrack" */ = {
			isa = XCConfigurationList;
			buildConfigurations = (
				F745A9E62CF8384E0098AC6A /* Debug */,
				F745A9E72CF8384E0098AC6A /* Release */,
			);
			defaultConfigurationIsVisible = 0;
			defaultConfigurationName = Release;
		};
/* End XCConfigurationList section */

/* Begin XCRemoteSwiftPackageReference section */
		F717B76E2D01470800C4199F /* XCRemoteSwiftPackageReference "firebase-ios-sdk" */ = {
			isa = XCRemoteSwiftPackageReference;
			repositoryURL = "https://github.com/firebase/firebase-ios-sdk.git";
			requirement = {
				kind = upToNextMajorVersion;
				minimumVersion = 11.6.0;
			};
		};
/* End XCRemoteSwiftPackageReference section */

/* Begin XCSwiftPackageProductDependency section */
		F717B76F2D01470800C4199F /* FirebaseAuth */ = {
			isa = XCSwiftPackageProductDependency;
			package = F717B76E2D01470800C4199F /* XCRemoteSwiftPackageReference "firebase-ios-sdk" */;
			productName = FirebaseAuth;
		};
/* End XCSwiftPackageProductDependency section */
	};
	rootObject = F745A9CF2CF8384C0098AC6A /* Project object */;
}
